
Microsoft Visual Studio Solution File, Format Version 12.00
# Visual Studio Version 17
VisualStudioVersion = 17.8.34004.107
MinimumVisualStudioVersion = 10.0.40219.1
Project("{FAE04EC0-301F-11D3-BF4B-00C04F79EFBC}") = "listasProgrm", "listasProgrm\listasProgrm.csproj", "{1116602C-C07C-4057-991F-36B32E1FCF1A}"
EndProject
Global
	GlobalSection(SolutionConfigurationPlatforms) = preSolution
		Debug|Any CPU = Debug|Any CPU
		Release|Any CPU = Release|Any CPU
	EndGlobalSection
	GlobalSection(ProjectConfigurationPlatforms) = postSolution
		{1116602C-C07C-4057-991F-36B32E1FCF1A}.Debug|Any CPU.ActiveCfg = Debug|Any CPU
		{1116602C-C07C-4057-991F-36B32E1FCF1A}.Debug|Any CPU.Build.0 = Debug|Any CPU
		{1116602C-C07C-4057-991F-36B32E1FCF1A}.Release|Any CPU.ActiveCfg = Release|Any CPU
		{1116602C-C07C-4057-991F-36B32E1FCF1A}.Release|Any CPU.Build.0 = Release|Any CPU
	EndGlobalSection
	GlobalSection(SolutionProperties) = preSolution
		HideSolutionNode = FALSE
	EndGlobalSection
	GlobalSection(ExtensibilityGlobals) = postSolution
		SolutionGuid = {15968CF1-B29A-420F-8543-A0C7A7CD4C06}
	EndGlobalSection
EndGlobal
